
Microsoft Visual Studio Solution File, Format Version 12.00
# Visual Studio Version 16
VisualStudioVersion = 16.0.30804.86
MinimumVisualStudioVersion = 10.0.40219.1
Project("{FAE04EC0-301F-11D3-BF4B-00C04F79EFBC}") = "API-Parque-Publico", "API-Parque-Publico\API-Parque-Publico.csproj", "{D940E691-9EC0-4406-B6E6-60F2A6FD54AA}"
EndProject
Global
	GlobalSection(SolutionConfigurationPlatforms) = preSolution
		Debug|Any CPU = Debug|Any CPU
		Release|Any CPU = Release|Any CPU
	EndGlobalSection
	GlobalSection(ProjectConfigurationPlatforms) = postSolution
		{D940E691-9EC0-4406-B6E6-60F2A6FD54AA}.Debug|Any CPU.ActiveCfg = Debug|Any CPU
		{D940E691-9EC0-4406-B6E6-60F2A6FD54AA}.Debug|Any CPU.Build.0 = Debug|Any CPU
		{D940E691-9EC0-4406-B6E6-60F2A6FD54AA}.Release|Any CPU.ActiveCfg = Release|Any CPU
		{D940E691-9EC0-4406-B6E6-60F2A6FD54AA}.Release|Any CPU.Build.0 = Release|Any CPU
	EndGlobalSection
	GlobalSection(SolutionProperties) = preSolution
		HideSolutionNode = FALSE
	EndGlobalSection
	GlobalSection(ExtensibilityGlobals) = postSolution
		SolutionGuid = {5935AD64-87AA-4249-9F34-D5A06A8260EF}
	EndGlobalSection
EndGlobal
