
Microsoft Visual Studio Solution File, Format Version 12.00
# Visual Studio Version 16
VisualStudioVersion = 16.0.30907.101
MinimumVisualStudioVersion = 10.0.40219.1
Project("{FAE04EC0-301F-11D3-BF4B-00C04F79EFBC}") = "APP-FrontEnd", "APP-FrontEnd\APP-FrontEnd.csproj", "{98341A88-A090-4A64-89D6-9AD7B5B83C8D}"
EndProject
Global
	GlobalSection(SolutionConfigurationPlatforms) = preSolution
		Debug|Any CPU = Debug|Any CPU
		Release|Any CPU = Release|Any CPU
	EndGlobalSection
	GlobalSection(ProjectConfigurationPlatforms) = postSolution
		{98341A88-A090-4A64-89D6-9AD7B5B83C8D}.Debug|Any CPU.ActiveCfg = Debug|Any CPU
		{98341A88-A090-4A64-89D6-9AD7B5B83C8D}.Debug|Any CPU.Build.0 = Debug|Any CPU
		{98341A88-A090-4A64-89D6-9AD7B5B83C8D}.Release|Any CPU.ActiveCfg = Release|Any CPU
		{98341A88-A090-4A64-89D6-9AD7B5B83C8D}.Release|Any CPU.Build.0 = Release|Any CPU
	EndGlobalSection
	GlobalSection(SolutionProperties) = preSolution
		HideSolutionNode = FALSE
	EndGlobalSection
	GlobalSection(ExtensibilityGlobals) = postSolution
		SolutionGuid = {48C787DA-D55B-437D-AA57-124814F58C79}
	EndGlobalSection
EndGlobal
