
Microsoft Visual Studio Solution File, Format Version 12.00
# Visual Studio Version 16
VisualStudioVersion = 16.0.30907.101
MinimumVisualStudioVersion = 10.0.40219.1
Project("{FAE04EC0-301F-11D3-BF4B-00C04F79EFBC}") = "API-Parque-Privado2", "API-Parque-Privado2\API-Parque-Privado2.csproj", "{729AC4B0-07A6-426C-A6DA-67905A59D5C4}"
EndProject
Project("{FAE04EC0-301F-11D3-BF4B-00C04F79EFBC}") = "PrivateParkTests", "PrivateParkTests\PrivateParkTests.csproj", "{6094EF24-4645-48C9-8B8D-DA4273C6FCF9}"
EndProject
Global
	GlobalSection(SolutionConfigurationPlatforms) = preSolution
		Debug|Any CPU = Debug|Any CPU
		Release|Any CPU = Release|Any CPU
	EndGlobalSection
	GlobalSection(ProjectConfigurationPlatforms) = postSolution
		{729AC4B0-07A6-426C-A6DA-67905A59D5C4}.Debug|Any CPU.ActiveCfg = Debug|Any CPU
		{729AC4B0-07A6-426C-A6DA-67905A59D5C4}.Debug|Any CPU.Build.0 = Debug|Any CPU
		{729AC4B0-07A6-426C-A6DA-67905A59D5C4}.Release|Any CPU.ActiveCfg = Release|Any CPU
		{729AC4B0-07A6-426C-A6DA-67905A59D5C4}.Release|Any CPU.Build.0 = Release|Any CPU
		{6094EF24-4645-48C9-8B8D-DA4273C6FCF9}.Debug|Any CPU.ActiveCfg = Debug|Any CPU
		{6094EF24-4645-48C9-8B8D-DA4273C6FCF9}.Debug|Any CPU.Build.0 = Debug|Any CPU
		{6094EF24-4645-48C9-8B8D-DA4273C6FCF9}.Release|Any CPU.ActiveCfg = Release|Any CPU
		{6094EF24-4645-48C9-8B8D-DA4273C6FCF9}.Release|Any CPU.Build.0 = Release|Any CPU
	EndGlobalSection
	GlobalSection(SolutionProperties) = preSolution
		HideSolutionNode = FALSE
	EndGlobalSection
	GlobalSection(ExtensibilityGlobals) = postSolution
		SolutionGuid = {B14FE924-B668-447C-818D-D2B5340739D2}
	EndGlobalSection
EndGlobal
